
Microsoft Visual Studio Solution File, Format Version 12.00
# Visual Studio Version 17
VisualStudioVersion = 17.3.32929.385
MinimumVisualStudioVersion = 10.0.40219.1
Project("{FAE04EC0-301F-11D3-BF4B-00C04F79EFBC}") = "MagicWords", "MagicWords\MagicWords.csproj", "{7EBC3879-92EA-4F3A-8047-53657C3DBCB3}"
EndProject
Project("{FAE04EC0-301F-11D3-BF4B-00C04F79EFBC}") = "SborNaGolemiChisla", "SborNaGolemiChisla\SborNaGolemiChisla.csproj", "{F451EFEA-C24C-47EB-8B94-BE3C34C3C66E}"
EndProject
Project("{FAE04EC0-301F-11D3-BF4B-00C04F79EFBC}") = "UmnojavaneNaGolemiCh", "UmnojavaneNaGolemiCh\UmnojavaneNaGolemiCh.csproj", "{29301543-5637-418B-BBC1-53A93E35D2C0}"
EndProject
Project("{FAE04EC0-301F-11D3-BF4B-00C04F79EFBC}") = "OtNkum10", "OtNkum10\OtNkum10.csproj", "{8513E660-A11B-4666-A113-C0A3F8CF302C}"
EndProject
Project("{FAE04EC0-301F-11D3-BF4B-00C04F79EFBC}") = "Ot1okumN", "Ot1okumN\Ot1okumN.csproj", "{B9541384-E08A-46F5-A0AC-F37A7EB29EDA}"
EndProject
Project("{FAE04EC0-301F-11D3-BF4B-00C04F79EFBC}") = "Unicode", "Unicode\Unicode.csproj", "{05402131-2DD1-4677-A38D-AEB2B4BC5406}"
EndProject
Project("{FAE04EC0-301F-11D3-BF4B-00C04F79EFBC}") = "SumStrings", "SumStrings\SumStrings.csproj", "{E408A3F6-6DAB-49C8-A314-B50A64A3B5A6}"
EndProject
Project("{FAE04EC0-301F-11D3-BF4B-00C04F79EFBC}") = "Palindrom", "Palindrom\Palindrom.csproj", "{6B28B507-1EDC-4BFE-B3CA-E8B29B3DAE28}"
EndProject
Global
	GlobalSection(SolutionConfigurationPlatforms) = preSolution
		Debug|Any CPU = Debug|Any CPU
		Release|Any CPU = Release|Any CPU
	EndGlobalSection
	GlobalSection(ProjectConfigurationPlatforms) = postSolution
		{7EBC3879-92EA-4F3A-8047-53657C3DBCB3}.Debug|Any CPU.ActiveCfg = Debug|Any CPU
		{7EBC3879-92EA-4F3A-8047-53657C3DBCB3}.Debug|Any CPU.Build.0 = Debug|Any CPU
		{7EBC3879-92EA-4F3A-8047-53657C3DBCB3}.Release|Any CPU.ActiveCfg = Release|Any CPU
		{7EBC3879-92EA-4F3A-8047-53657C3DBCB3}.Release|Any CPU.Build.0 = Release|Any CPU
		{F451EFEA-C24C-47EB-8B94-BE3C34C3C66E}.Debug|Any CPU.ActiveCfg = Debug|Any CPU
		{F451EFEA-C24C-47EB-8B94-BE3C34C3C66E}.Debug|Any CPU.Build.0 = Debug|Any CPU
		{F451EFEA-C24C-47EB-8B94-BE3C34C3C66E}.Release|Any CPU.ActiveCfg = Release|Any CPU
		{F451EFEA-C24C-47EB-8B94-BE3C34C3C66E}.Release|Any CPU.Build.0 = Release|Any CPU
		{29301543-5637-418B-BBC1-53A93E35D2C0}.Debug|Any CPU.ActiveCfg = Debug|Any CPU
		{29301543-5637-418B-BBC1-53A93E35D2C0}.Debug|Any CPU.Build.0 = Debug|Any CPU
		{29301543-5637-418B-BBC1-53A93E35D2C0}.Release|Any CPU.ActiveCfg = Release|Any CPU
		{29301543-5637-418B-BBC1-53A93E35D2C0}.Release|Any CPU.Build.0 = Release|Any CPU
		{8513E660-A11B-4666-A113-C0A3F8CF302C}.Debug|Any CPU.ActiveCfg = Debug|Any CPU
		{8513E660-A11B-4666-A113-C0A3F8CF302C}.Debug|Any CPU.Build.0 = Debug|Any CPU
		{8513E660-A11B-4666-A113-C0A3F8CF302C}.Release|Any CPU.ActiveCfg = Release|Any CPU
		{8513E660-A11B-4666-A113-C0A3F8CF302C}.Release|Any CPU.Build.0 = Release|Any CPU
		{B9541384-E08A-46F5-A0AC-F37A7EB29EDA}.Debug|Any CPU.ActiveCfg = Debug|Any CPU
		{B9541384-E08A-46F5-A0AC-F37A7EB29EDA}.Debug|Any CPU.Build.0 = Debug|Any CPU
		{B9541384-E08A-46F5-A0AC-F37A7EB29EDA}.Release|Any CPU.ActiveCfg = Release|Any CPU
		{B9541384-E08A-46F5-A0AC-F37A7EB29EDA}.Release|Any CPU.Build.0 = Release|Any CPU
		{05402131-2DD1-4677-A38D-AEB2B4BC5406}.Debug|Any CPU.ActiveCfg = Debug|Any CPU
		{05402131-2DD1-4677-A38D-AEB2B4BC5406}.Debug|Any CPU.Build.0 = Debug|Any CPU
		{05402131-2DD1-4677-A38D-AEB2B4BC5406}.Release|Any CPU.ActiveCfg = Release|Any CPU
		{05402131-2DD1-4677-A38D-AEB2B4BC5406}.Release|Any CPU.Build.0 = Release|Any CPU
		{E408A3F6-6DAB-49C8-A314-B50A64A3B5A6}.Debug|Any CPU.ActiveCfg = Debug|Any CPU
		{E408A3F6-6DAB-49C8-A314-B50A64A3B5A6}.Debug|Any CPU.Build.0 = Debug|Any CPU
		{E408A3F6-6DAB-49C8-A314-B50A64A3B5A6}.Release|Any CPU.ActiveCfg = Release|Any CPU
		{E408A3F6-6DAB-49C8-A314-B50A64A3B5A6}.Release|Any CPU.Build.0 = Release|Any CPU
		{6B28B507-1EDC-4BFE-B3CA-E8B29B3DAE28}.Debug|Any CPU.ActiveCfg = Debug|Any CPU
		{6B28B507-1EDC-4BFE-B3CA-E8B29B3DAE28}.Debug|Any CPU.Build.0 = Debug|Any CPU
		{6B28B507-1EDC-4BFE-B3CA-E8B29B3DAE28}.Release|Any CPU.ActiveCfg = Release|Any CPU
		{6B28B507-1EDC-4BFE-B3CA-E8B29B3DAE28}.Release|Any CPU.Build.0 = Release|Any CPU
	EndGlobalSection
	GlobalSection(SolutionProperties) = preSolution
		HideSolutionNode = FALSE
	EndGlobalSection
	GlobalSection(ExtensibilityGlobals) = postSolution
		SolutionGuid = {69FA97B7-EE99-47FC-8569-67DA3B7645B9}
	EndGlobalSection
EndGlobal
